
Microsoft Visual Studio Solution File, Format Version 12.00
# Visual Studio 2013
VisualStudioVersion = 12.0.30501.0
MinimumVisualStudioVersion = 10.0.40219.1
Project("{FAE04EC0-301F-11D3-BF4B-00C04F79EFBC}") = "EPiCode.Commerce.Workflow", "EPiCode.Commerce.Workflow\EPiCode.Commerce.Workflow.csproj", "{413287F6-D606-4F42-BA25-4377A2C581F9}"
EndProject
Project("{FAE04EC0-301F-11D3-BF4B-00C04F79EFBC}") = "EPiCode.Commerce.Workflow.Activities", "EPiCode.Commerce.Workflow.Activities\EPiCode.Commerce.Workflow.Activities.csproj", "{B7957825-3E86-4EA6-8CF3-9BDF7DC8C7A6}"
EndProject
Global
	GlobalSection(SolutionConfigurationPlatforms) = preSolution
		Debug|Any CPU = Debug|Any CPU
		Release|Any CPU = Release|Any CPU
	EndGlobalSection
	GlobalSection(ProjectConfigurationPlatforms) = postSolution
		{413287F6-D606-4F42-BA25-4377A2C581F9}.Debug|Any CPU.ActiveCfg = Debug|Any CPU
		{413287F6-D606-4F42-BA25-4377A2C581F9}.Debug|Any CPU.Build.0 = Debug|Any CPU
		{413287F6-D606-4F42-BA25-4377A2C581F9}.Release|Any CPU.ActiveCfg = Release|Any CPU
		{413287F6-D606-4F42-BA25-4377A2C581F9}.Release|Any CPU.Build.0 = Release|Any CPU
		{B7957825-3E86-4EA6-8CF3-9BDF7DC8C7A6}.Debug|Any CPU.ActiveCfg = Debug|Any CPU
		{B7957825-3E86-4EA6-8CF3-9BDF7DC8C7A6}.Debug|Any CPU.Build.0 = Debug|Any CPU
		{B7957825-3E86-4EA6-8CF3-9BDF7DC8C7A6}.Release|Any CPU.ActiveCfg = Release|Any CPU
		{B7957825-3E86-4EA6-8CF3-9BDF7DC8C7A6}.Release|Any CPU.Build.0 = Release|Any CPU
	EndGlobalSection
	GlobalSection(SolutionProperties) = preSolution
		HideSolutionNode = FALSE
	EndGlobalSection
EndGlobal
